{
  "name": "etc",
  "lockfileVersion": 3,
  "requires": true,
  "packages": {
    "": {
      "dependencies": {
        "@unicode/unicode-16.0.0": "^1.6.5",
        "lodash": "^4.17.23"
      }
    },
    "node_modules/@unicode/unicode-16.0.0": {
      "version": "1.6.5",
      "resolved": "https://registry.npmjs.org/@unicode/unicode-16.0.0/-/unicode-16.0.0-1.6.5.tgz",
      "integrity": "sha512-r+ONMCgl+K2UWPmEbjN+aqjiLkjh1Zattq8OKYCbFoslwWFc+ysAGQR4h3YOtNvVtuiZSd4O1brRE7cp0wn6Aw==",
      "license": "MIT"
    },
    "node_modules/lodash": {
      "version": "4.17.23",
      "resolved": "https://registry.npmjs.org/lodash/-/lodash-4.17.23.tgz",
      "integrity": "sha512-LgVTMpQtIopCi79SJeDiP0TfWi5CNEc/L/aRdTh3yIvmZXTnheWpKjSZhnvMl8iXbC1tFg9gdHHDMLoV7CnG+w==",
      "license": "MIT"
    }
  }
}
